{
  "name": "demo-serverless-python",
  "requires": true,
  "lockfileVersion": 1,
  "dependencies": {
    "serverless-cloudformation-sub-variables": {
      "version": "0.2.1",
      "resolved": "https://registry.npmjs.org/serverless-cloudformation-sub-variables/-/serverless-cloudformation-sub-variables-0.2.1.tgz",
      "integrity": "sha512-ClknmsdUx+aUakbNo0aP4L0SwwM+Bd/HtjOdgJVDqWuNQlQsDr4ajX/nM5nABseFsIQhzyoSq5F6xgnajloWuQ=="
    }
  }
}
